// !$*UTF8*$!
{
	archiveVersion = 1;
	classes = {
	};
	objectVersion = 63;
	objects = {

/* Begin PBXBuildFile section */
		829F63732D6BFA2B00F1DD66 /* NotificationManager.swift in Sources */ = {isa = PBXBuildFile; fileRef = 829F63722D6BFA2B00F1DD66 /* NotificationManager.swift */; };
		82BFD4A52D8CAE0A00C72CB5 /* UpdateChecker.swift in Sources */ = {isa = PBXBuildFile; fileRef = 82BFD4A42D8CAE0A00C72CB5 /* UpdateChecker.swift */; };
		FE8350682D66964000861765 /* ShareViewController.swift in Sources */ = {isa = PBXBuildFile; fileRef = FE8350662D66964000861765 /* ShareViewController.swift */; };
		FE83506A2D66964000861765 /* MainInterface.storyboard in Resources */ = {isa = PBXBuildFile; fileRef = FE8350642D66964000861765 /* MainInterface.storyboard */; };
		FE8350782D66964400861765 /* Preview Assets.xcassets in Resources */ = {isa = PBXBuildFile; fileRef = FE83506B2D66964400861765 /* Preview Assets.xcassets */; };
		FE8350792D66964400861765 /* Assets.xcassets in Resources */ = {isa = PBXBuildFile; fileRef = FE83506D2D66964400861765 /* Assets.xcassets */; };
		FE83507B2D66964400861765 /* ConsoleView.swift in Sources */ = {isa = PBXBuildFile; fileRef = FE83506E2D66964400861765 /* ConsoleView.swift */; };
		FE83507C2D66964400861765 /* ContentView.swift in Sources */ = {isa = PBXBuildFile; fileRef = FE83506F2D66964400861765 /* ContentView.swift */; };
		FE83507D2D66964400861765 /* DownloadManager.swift in Sources */ = {isa = PBXBuildFile; fileRef = FE8350702D66964400861765 /* DownloadManager.swift */; };
		FE83507E2D66964400861765 /* FileDownloader.swift in Sources */ = {isa = PBXBuildFile; fileRef = FE8350712D66964400861765 /* FileDownloader.swift */; };
		FE83507F2D66964400861765 /* MainTabView.swift in Sources */ = {isa = PBXBuildFile; fileRef = FE8350732D66964400861765 /* MainTabView.swift */; };
		FE8350802D66964400861765 /* NickelApp.swift in Sources */ = {isa = PBXBuildFile; fileRef = FE8350752D66964400861765 /* NickelApp.swift */; };
		FE8350812D66964400861765 /* SettingsView.swift in Sources */ = {isa = PBXBuildFile; fileRef = FE8350762D66964400861765 /* SettingsView.swift */; };
		FEFFCCF62D580350005463B5 /* Nickel Share Extension.appex in Embed Foundation Extensions */ = {isa = PBXBuildFile; fileRef = FEFFCCEC2D580350005463B5 /* Nickel Share Extension.appex */; settings = {ATTRIBUTES = (RemoveHeadersOnCopy, ); }; };
/* End PBXBuildFile section */

/* Begin PBXContainerItemProxy section */
		FEFFCCF42D580350005463B5 /* PBXContainerItemProxy */ = {
			isa = PBXContainerItemProxy;
			containerPortal = FE654B1E2D53E9C500E89563 /* Project object */;
			proxyType = 1;
			remoteGlobalIDString = FEFFCCEB2D580350005463B5;
			remoteInfo = "Nickel Share Extension";
		};
/* End PBXContainerItemProxy section */

/* Begin PBXCopyFilesBuildPhase section */
		FEFFCCF72D580350005463B5 /* Embed Foundation Extensions */ = {
			isa = PBXCopyFilesBuildPhase;
			buildActionMask = 2147483647;
			dstPath = "";
			dstSubfolderSpec = 13;
			files = (
				FEFFCCF62D580350005463B5 /* Nickel Share Extension.appex in Embed Foundation Extensions */,
			);
			name = "Embed Foundation Extensions";
			runOnlyForDeploymentPostprocessing = 0;
		};
/* End PBXCopyFilesBuildPhase section */

/* Begin PBXFileReference section */
		829F63722D6BFA2B00F1DD66 /* NotificationManager.swift */ = {isa = PBXFileReference; lastKnownFileType = sourcecode.swift; path = NotificationManager.swift; sourceTree = "<group>"; };
		82BFD4A42D8CAE0A00C72CB5 /* UpdateChecker.swift */ = {isa = PBXFileReference; lastKnownFileType = sourcecode.swift; path = UpdateChecker.swift; sourceTree = "<group>"; };
		FE654B262D53E9C500E89563 /* Nickel.app */ = {isa = PBXFileReference; explicitFileType = wrapper.application; includeInIndex = 0; path = Nickel.app; sourceTree = BUILT_PRODUCTS_DIR; };
		FE8350622D66964000861765 /* Info.plist */ = {isa = PBXFileReference; lastKnownFileType = text.plist.xml; path = Info.plist; sourceTree = "<group>"; };
		FE8350632D66964000861765 /* Base */ = {isa = PBXFileReference; lastKnownFileType = file.storyboard; name = Base; path = Base.lproj/MainInterface.storyboard; sourceTree = "<group>"; };
		FE8350652D66964000861765 /* Nickel Share Extension.entitlements */ = {isa = PBXFileReference; lastKnownFileType = text.plist.entitlements; path = "Nickel Share Extension.entitlements"; sourceTree = "<group>"; };
		FE8350662D66964000861765 /* ShareViewController.swift */ = {isa = PBXFileReference; lastKnownFileType = sourcecode.swift; path = ShareViewController.swift; sourceTree = "<group>"; };
		FE83506B2D66964400861765 /* Preview Assets.xcassets */ = {isa = PBXFileReference; lastKnownFileType = folder.assetcatalog; path = "Preview Assets.xcassets"; sourceTree = "<group>"; };
		FE83506D2D66964400861765 /* Assets.xcassets */ = {isa = PBXFileReference; lastKnownFileType = folder.assetcatalog; path = Assets.xcassets; sourceTree = "<group>"; };
		FE83506E2D66964400861765 /* ConsoleView.swift */ = {isa = PBXFileReference; lastKnownFileType = sourcecode.swift; path = ConsoleView.swift; sourceTree = "<group>"; };
		FE83506F2D66964400861765 /* ContentView.swift */ = {isa = PBXFileReference; lastKnownFileType = sourcecode.swift; path = ContentView.swift; sourceTree = "<group>"; };
		FE8350702D66964400861765 /* DownloadManager.swift */ = {isa = PBXFileReference; lastKnownFileType = sourcecode.swift; path = DownloadManager.swift; sourceTree = "<group>"; };
		FE8350712D66964400861765 /* FileDownloader.swift */ = {isa = PBXFileReference; lastKnownFileType = sourcecode.swift; path = FileDownloader.swift; sourceTree = "<group>"; };
		FE8350722D66964400861765 /* Info.plist */ = {isa = PBXFileReference; lastKnownFileType = text.plist.xml; path = Info.plist; sourceTree = "<group>"; };
		FE8350732D66964400861765 /* MainTabView.swift */ = {isa = PBXFileReference; lastKnownFileType = sourcecode.swift; path = MainTabView.swift; sourceTree = "<group>"; };
		FE8350742D66964400861765 /* Nickel.entitlements */ = {isa = PBXFileReference; lastKnownFileType = text.plist.entitlements; path = Nickel.entitlements; sourceTree = "<group>"; };
		FE8350752D66964400861765 /* NickelApp.swift */ = {isa = PBXFileReference; lastKnownFileType = sourcecode.swift; path = NickelApp.swift; sourceTree = "<group>"; };
		FE8350762D66964400861765 /* SettingsView.swift */ = {isa = PBXFileReference; lastKnownFileType = sourcecode.swift; path = SettingsView.swift; sourceTree = "<group>"; };
		FEFFCCEC2D580350005463B5 /* Nickel Share Extension.appex */ = {isa = PBXFileReference; explicitFileType = "wrapper.app-extension"; includeInIndex = 0; path = "Nickel Share Extension.appex"; sourceTree = BUILT_PRODUCTS_DIR; };
/* End PBXFileReference section */

/* Begin PBXFrameworksBuildPhase section */
		FE654B232D53E9C500E89563 /* Frameworks */ = {
			isa = PBXFrameworksBuildPhase;
			buildActionMask = 2147483647;
			files = (
			);
			runOnlyForDeploymentPostprocessing = 0;
		};
		FEFFCCE92D580350005463B5 /* Frameworks */ = {
			isa = PBXFrameworksBuildPhase;
			buildActionMask = 2147483647;
			files = (
			);
			runOnlyForDeploymentPostprocessing = 0;
		};
/* End PBXFrameworksBuildPhase section */

/* Begin PBXGroup section */
		FE654B1D2D53E9C500E89563 = {
			isa = PBXGroup;
			children = (
				FE8350772D66964400861765 /* Nickel */,
				FE8350672D66964000861765 /* Nickel Share Extension */,
				FE654B272D53E9C500E89563 /* Products */,
			);
			sourceTree = "<group>";
		};
		FE654B272D53E9C500E89563 /* Products */ = {
			isa = PBXGroup;
			children = (
				FE654B262D53E9C500E89563 /* Nickel.app */,
				FEFFCCEC2D580350005463B5 /* Nickel Share Extension.appex */,
			);
			name = Products;
			sourceTree = "<group>";
		};
		FE8350672D66964000861765 /* Nickel Share Extension */ = {
			isa = PBXGroup;
			children = (
				FE8350622D66964000861765 /* Info.plist */,
				FE8350642D66964000861765 /* MainInterface.storyboard */,
				FE8350652D66964000861765 /* Nickel Share Extension.entitlements */,
				FE8350662D66964000861765 /* ShareViewController.swift */,
			);
			path = "Nickel Share Extension";
			sourceTree = "<group>";
		};
		FE83506C2D66964400861765 /* Preview Content */ = {
			isa = PBXGroup;
			children = (
				FE83506B2D66964400861765 /* Preview Assets.xcassets */,
			);
			path = "Preview Content";
			sourceTree = "<group>";
		};
		FE8350772D66964400861765 /* Nickel */ = {
			isa = PBXGroup;
			children = (
				FE83506C2D66964400861765 /* Preview Content */,
				FE83506D2D66964400861765 /* Assets.xcassets */,
				FE83506E2D66964400861765 /* ConsoleView.swift */,
				FE83506F2D66964400861765 /* ContentView.swift */,
				FE8350702D66964400861765 /* DownloadManager.swift */,
				FE8350712D66964400861765 /* FileDownloader.swift */,
				829F63722D6BFA2B00F1DD66 /* NotificationManager.swift */,
				FE8350722D66964400861765 /* Info.plist */,
				FE8350732D66964400861765 /* MainTabView.swift */,
				FE8350742D66964400861765 /* Nickel.entitlements */,
				FE8350752D66964400861765 /* NickelApp.swift */,
				FE8350762D66964400861765 /* SettingsView.swift */,
				82BFD4A42D8CAE0A00C72CB5 /* UpdateChecker.swift */,
			);
			path = Nickel;
			sourceTree = "<group>";
		};
/* End PBXGroup section */

/* Begin PBXNativeTarget section */
		FE654B252D53E9C500E89563 /* Nickel */ = {
			isa = PBXNativeTarget;
			buildConfigurationList = FE654B4A2D53E9C700E89563 /* Build configuration list for PBXNativeTarget "Nickel" */;
			buildPhases = (
				FE654B222D53E9C500E89563 /* Sources */,
				FE654B232D53E9C500E89563 /* Frameworks */,
				FE654B242D53E9C500E89563 /* Resources */,
				FEFFCCF72D580350005463B5 /* Embed Foundation Extensions */,
			);
			buildRules = (
			);
			dependencies = (
				FEFFCCF52D580350005463B5 /* PBXTargetDependency */,
			);
			name = Nickel;
			packageProductDependencies = (
			);
			productName = Nickel;
			productReference = FE654B262D53E9C500E89563 /* Nickel.app */;
			productType = "com.apple.product-type.application";
		};
		FEFFCCEB2D580350005463B5 /* Nickel Share Extension */ = {
			isa = PBXNativeTarget;
			buildConfigurationList = FEFFCCFB2D580350005463B5 /* Build configuration list for PBXNativeTarget "Nickel Share Extension" */;
			buildPhases = (
				FEFFCCE82D580350005463B5 /* Sources */,
				FEFFCCE92D580350005463B5 /* Frameworks */,
				FEFFCCEA2D580350005463B5 /* Resources */,
			);
			buildRules = (
			);
			dependencies = (
			);
			name = "Nickel Share Extension";
			packageProductDependencies = (
			);
			productName = "Nickel Share Extension";
			productReference = FEFFCCEC2D580350005463B5 /* Nickel Share Extension.appex */;
			productType = "com.apple.product-type.app-extension";
		};
/* End PBXNativeTarget section */

/* Begin PBXProject section */
		FE654B1E2D53E9C500E89563 /* Project object */ = {
			isa = PBXProject;
			attributes = {
				BuildIndependentTargetsInParallel = 1;
				LastSwiftUpdateCheck = 1620;
				LastUpgradeCheck = 1620;
				TargetAttributes = {
					FE654B252D53E9C500E89563 = {
						CreatedOnToolsVersion = 16.2;
					};
					FEFFCCEB2D580350005463B5 = {
						CreatedOnToolsVersion = 16.2;
					};
				};
			};
			buildConfigurationList = FE654B212D53E9C500E89563 /* Build configuration list for PBXProject "Nickel" */;
			compatibilityVersion = "Xcode 15.3";
			developmentRegion = en;
			hasScannedForEncodings = 0;
			knownRegions = (
				en,
				Base,
			);
			mainGroup = FE654B1D2D53E9C500E89563;
			minimizedProjectReferenceProxies = 1;
			productRefGroup = FE654B272D53E9C500E89563 /* Products */;
			projectDirPath = "";
			projectRoot = "";
			targets = (
				FE654B252D53E9C500E89563 /* Nickel */,
				FEFFCCEB2D580350005463B5 /* Nickel Share Extension */,
			);
		};
/* End PBXProject section */

/* Begin PBXResourcesBuildPhase section */
		FE654B242D53E9C500E89563 /* Resources */ = {
			isa = PBXResourcesBuildPhase;
			buildActionMask = 2147483647;
			files = (
				FE8350782D66964400861765 /* Preview Assets.xcassets in Resources */,
				FE8350792D66964400861765 /* Assets.xcassets in Resources */,
			);
			runOnlyForDeploymentPostprocessing = 0;
		};
		FEFFCCEA2D580350005463B5 /* Resources */ = {
			isa = PBXResourcesBuildPhase;
			buildActionMask = 2147483647;
			files = (
				FE83506A2D66964000861765 /* MainInterface.storyboard in Resources */,
			);
			runOnlyForDeploymentPostprocessing = 0;
		};
/* End PBXResourcesBuildPhase section */

/* Begin PBXSourcesBuildPhase section */
		FE654B222D53E9C500E89563 /* Sources */ = {
			isa = PBXSourcesBuildPhase;
			buildActionMask = 2147483647;
			files = (
				82BFD4A52D8CAE0A00C72CB5 /* UpdateChecker.swift in Sources */,
				FE83507B2D66964400861765 /* ConsoleView.swift in Sources */,
				FE83507C2D66964400861765 /* ContentView.swift in Sources */,
				FE83507D2D66964400861765 /* DownloadManager.swift in Sources */,
				FE83507E2D66964400861765 /* FileDownloader.swift in Sources */,
				FE83507F2D66964400861765 /* MainTabView.swift in Sources */,
				FE8350802D66964400861765 /* NickelApp.swift in Sources */,
				829F63732D6BFA2B00F1DD66 /* NotificationManager.swift in Sources */,
				FE8350812D66964400861765 /* SettingsView.swift in Sources */,
			);
			runOnlyForDeploymentPostprocessing = 0;
		};
		FEFFCCE82D580350005463B5 /* Sources */ = {
			isa = PBXSourcesBuildPhase;
			buildActionMask = 2147483647;
			files = (
				FE8350682D66964000861765 /* ShareViewController.swift in Sources */,
			);
			runOnlyForDeploymentPostprocessing = 0;
		};
/* End PBXSourcesBuildPhase section */

/* Begin PBXTargetDependency section */
		FEFFCCF52D580350005463B5 /* PBXTargetDependency */ = {
			isa = PBXTargetDependency;
			target = FEFFCCEB2D580350005463B5 /* Nickel Share Extension */;
			targetProxy = FEFFCCF42D580350005463B5 /* PBXContainerItemProxy */;
		};
/* End PBXTargetDependency section */

/* Begin PBXVariantGroup section */
		FE8350642D66964000861765 /* MainInterface.storyboard */ = {
			isa = PBXVariantGroup;
			children = (
				FE8350632D66964000861765 /* Base */,
			);
			name = MainInterface.storyboard;
			sourceTree = "<group>";
		};
/* End PBXVariantGroup section */

/* Begin XCBuildConfiguration section */
		FE654B482D53E9C700E89563 /* Debug */ = {
			isa = XCBuildConfiguration;
			buildSettings = {
				ALWAYS_SEARCH_USER_PATHS = NO;
				ASSETCATALOG_COMPILER_GENERATE_SWIFT_ASSET_SYMBOL_EXTENSIONS = YES;
				CLANG_ANALYZER_NONNULL = YES;
				CLANG_ANALYZER_NUMBER_OBJECT_CONVERSION = YES_AGGRESSIVE;
				CLANG_CXX_LANGUAGE_STANDARD = "gnu++20";
				CLANG_ENABLE_MODULES = YES;
				CLANG_ENABLE_OBJC_ARC = YES;
				CLANG_ENABLE_OBJC_WEAK = YES;
				CLANG_WARN_BLOCK_CAPTURE_AUTORELEASING = YES;
				CLANG_WARN_BOOL_CONVERSION = YES;
				CLANG_WARN_COMMA = YES;
				CLANG_WARN_CONSTANT_CONVERSION = YES;
				CLANG_WARN_DEPRECATED_OBJC_IMPLEMENTATIONS = YES;
				CLANG_WARN_DIRECT_OBJC_ISA_USAGE = YES_ERROR;
				CLANG_WARN_DOCUMENTATION_COMMENTS = YES;
				CLANG_WARN_EMPTY_BODY = YES;
				CLANG_WARN_ENUM_CONVERSION = YES;
				CLANG_WARN_INFINITE_RECURSION = YES;
				CLANG_WARN_INT_CONVERSION = YES;
				CLANG_WARN_NON_LITERAL_NULL_CONVERSION = YES;
				CLANG_WARN_OBJC_IMPLICIT_RETAIN_SELF = YES;
				CLANG_WARN_OBJC_LITERAL_CONVERSION = YES;
				CLANG_WARN_OBJC_ROOT_CLASS = YES_ERROR;
				CLANG_WARN_QUOTED_INCLUDE_IN_FRAMEWORK_HEADER = YES;
				CLANG_WARN_RANGE_LOOP_ANALYSIS = YES;
				CLANG_WARN_STRICT_PROTOTYPES = YES;
				CLANG_WARN_SUSPICIOUS_MOVE = YES;
				CLANG_WARN_UNGUARDED_AVAILABILITY = YES_AGGRESSIVE;
				CLANG_WARN_UNREACHABLE_CODE = YES;
				CLANG_WARN__DUPLICATE_METHOD_MATCH = YES;
				COPY_PHASE_STRIP = NO;
				DEBUG_INFORMATION_FORMAT = dwarf;
				ENABLE_STRICT_OBJC_MSGSEND = YES;
				ENABLE_TESTABILITY = YES;
				ENABLE_USER_SCRIPT_SANDBOXING = YES;
				GCC_C_LANGUAGE_STANDARD = gnu17;
				GCC_DYNAMIC_NO_PIC = NO;
				GCC_NO_COMMON_BLOCKS = YES;
				GCC_OPTIMIZATION_LEVEL = 0;
				GCC_PREPROCESSOR_DEFINITIONS = (
					"DEBUG=1",
					"$(inherited)",
				);
				GCC_WARN_64_TO_32_BIT_CONVERSION = YES;
				GCC_WARN_ABOUT_RETURN_TYPE = YES_ERROR;
				GCC_WARN_UNDECLARED_SELECTOR = YES;
				GCC_WARN_UNINITIALIZED_AUTOS = YES_AGGRESSIVE;
				GCC_WARN_UNUSED_FUNCTION = YES;
				GCC_WARN_UNUSED_VARIABLE = YES;
				IPHONEOS_DEPLOYMENT_TARGET = 18.2;
				LOCALIZATION_PREFERS_STRING_CATALOGS = YES;
				MTL_ENABLE_DEBUG_INFO = INCLUDE_SOURCE;
				MTL_FAST_MATH = YES;
				ONLY_ACTIVE_ARCH = YES;
				SDKROOT = iphoneos;
				SHARED_VERSION_NUMBER = 1.4.0;
				SWIFT_ACTIVE_COMPILATION_CONDITIONS = "DEBUG $(inherited)";
				SWIFT_OPTIMIZATION_LEVEL = "-Onone";
			};
			name = Debug;
		};
		FE654B492D53E9C700E89563 /* Release */ = {
			isa = XCBuildConfiguration;
			buildSettings = {
				ALWAYS_SEARCH_USER_PATHS = NO;
				ASSETCATALOG_COMPILER_GENERATE_SWIFT_ASSET_SYMBOL_EXTENSIONS = YES;
				CLANG_ANALYZER_NONNULL = YES;
				CLANG_ANALYZER_NUMBER_OBJECT_CONVERSION = YES_AGGRESSIVE;
				CLANG_CXX_LANGUAGE_STANDARD = "gnu++20";
				CLANG_ENABLE_MODULES = YES;
				CLANG_ENABLE_OBJC_ARC = YES;
				CLANG_ENABLE_OBJC_WEAK = YES;
				CLANG_WARN_BLOCK_CAPTURE_AUTORELEASING = YES;
				CLANG_WARN_BOOL_CONVERSION = YES;
				CLANG_WARN_COMMA = YES;
				CLANG_WARN_CONSTANT_CONVERSION = YES;
				CLANG_WARN_DEPRECATED_OBJC_IMPLEMENTATIONS = YES;
				CLANG_WARN_DIRECT_OBJC_ISA_USAGE = YES_ERROR;
				CLANG_WARN_DOCUMENTATION_COMMENTS = YES;
				CLANG_WARN_EMPTY_BODY = YES;
				CLANG_WARN_ENUM_CONVERSION = YES;
				CLANG_WARN_INFINITE_RECURSION = YES;
				CLANG_WARN_INT_CONVERSION = YES;
				CLANG_WARN_NON_LITERAL_NULL_CONVERSION = YES;
				CLANG_WARN_OBJC_IMPLICIT_RETAIN_SELF = YES;
				CLANG_WARN_OBJC_LITERAL_CONVERSION = YES;
				CLANG_WARN_OBJC_ROOT_CLASS = YES_ERROR;
				CLANG_WARN_QUOTED_INCLUDE_IN_FRAMEWORK_HEADER = YES;
				CLANG_WARN_RANGE_LOOP_ANALYSIS = YES;
				CLANG_WARN_STRICT_PROTOTYPES = YES;
				CLANG_WARN_SUSPICIOUS_MOVE = YES;
				CLANG_WARN_UNGUARDED_AVAILABILITY = YES_AGGRESSIVE;
				CLANG_WARN_UNREACHABLE_CODE = YES;
				CLANG_WARN__DUPLICATE_METHOD_MATCH = YES;
				COPY_PHASE_STRIP = NO;
				DEBUG_INFORMATION_FORMAT = "dwarf-with-dsym";
				ENABLE_NS_ASSERTIONS = NO;
				ENABLE_STRICT_OBJC_MSGSEND = YES;
				ENABLE_USER_SCRIPT_SANDBOXING = YES;
				GCC_C_LANGUAGE_STANDARD = gnu17;
				GCC_NO_COMMON_BLOCKS = YES;
				GCC_WARN_64_TO_32_BIT_CONVERSION = YES;
				GCC_WARN_ABOUT_RETURN_TYPE = YES_ERROR;
				GCC_WARN_UNDECLARED_SELECTOR = YES;
				GCC_WARN_UNINITIALIZED_AUTOS = YES_AGGRESSIVE;
				GCC_WARN_UNUSED_FUNCTION = YES;
				GCC_WARN_UNUSED_VARIABLE = YES;
				IPHONEOS_DEPLOYMENT_TARGET = 18.2;
				LOCALIZATION_PREFERS_STRING_CATALOGS = YES;
				MTL_ENABLE_DEBUG_INFO = NO;
				MTL_FAST_MATH = YES;
				SDKROOT = iphoneos;
				SHARED_VERSION_NUMBER = 1.4.0;
				SWIFT_COMPILATION_MODE = wholemodule;
				VALIDATE_PRODUCT = YES;
			};
			name = Release;
		};
		FE654B4B2D53E9C700E89563 /* Debug */ = {
			isa = XCBuildConfiguration;
			buildSettings = {
				ASSETCATALOG_COMPILER_APPICON_NAME = AppIcon;
				ASSETCATALOG_COMPILER_GLOBAL_ACCENT_COLOR_NAME = AccentColor;
				CODE_SIGN_ENTITLEMENTS = Nickel/Nickel.entitlements;
				CODE_SIGN_STYLE = Automatic;
				CURRENT_PROJECT_VERSION = 1;
				DEVELOPMENT_ASSET_PATHS = "\"Nickel/Preview Content\"";
				DEVELOPMENT_TEAM = 83KL373Z2M;
				ENABLE_PREVIEWS = YES;
				GENERATE_INFOPLIST_FILE = YES;
				INFOPLIST_FILE = Nickel/Info.plist;
				INFOPLIST_KEY_NSPhotoLibraryAddUsageDescription = "\"This app requires access to save downloaded videos to your photo library.\"";
				INFOPLIST_KEY_UIApplicationSceneManifest_Generation = YES;
				INFOPLIST_KEY_UIApplicationSupportsIndirectInputEvents = YES;
				INFOPLIST_KEY_UILaunchScreen_Generation = YES;
				INFOPLIST_KEY_UISupportedInterfaceOrientations = UIInterfaceOrientationPortrait;
				INFOPLIST_KEY_UISupportedInterfaceOrientations_iPad = "UIInterfaceOrientationLandscapeLeft UIInterfaceOrientationLandscapeRight UIInterfaceOrientationPortrait UIInterfaceOrientationPortraitUpsideDown";
				IPHONEOS_DEPLOYMENT_TARGET = 17.0;
				LD_RUNPATH_SEARCH_PATHS = (
					"$(inherited)",
					"@executable_path/Frameworks",
				);
				MARKETING_VERSION = "${SHARED_VERSION_NUMBER}";
				PRODUCT_BUNDLE_IDENTIFIER = com.tfourj.Nickel;
				PRODUCT_NAME = "$(TARGET_NAME)";
				SWIFT_EMIT_LOC_STRINGS = YES;
				SWIFT_VERSION = 5.0;
				TARGETED_DEVICE_FAMILY = "1,2";
			};
			name = Debug;
		};
		FE654B4C2D53E9C700E89563 /* Release */ = {
			isa = XCBuildConfiguration;
			buildSettings = {
				ASSETCATALOG_COMPILER_APPICON_NAME = AppIcon;
				ASSETCATALOG_COMPILER_GLOBAL_ACCENT_COLOR_NAME = AccentColor;
				CODE_SIGN_ENTITLEMENTS = Nickel/Nickel.entitlements;
				CODE_SIGN_STYLE = Automatic;
				CURRENT_PROJECT_VERSION = 1;
				DEVELOPMENT_ASSET_PATHS = "\"Nickel/Preview Content\"";
				DEVELOPMENT_TEAM = 83KL373Z2M;
				ENABLE_PREVIEWS = YES;
				GENERATE_INFOPLIST_FILE = YES;
				INFOPLIST_FILE = Nickel/Info.plist;
				INFOPLIST_KEY_NSPhotoLibraryAddUsageDescription = "\"This app requires access to save downloaded videos to your photo library.\"";
				INFOPLIST_KEY_UIApplicationSceneManifest_Generation = YES;
				INFOPLIST_KEY_UIApplicationSupportsIndirectInputEvents = YES;
				INFOPLIST_KEY_UILaunchScreen_Generation = YES;
				INFOPLIST_KEY_UISupportedInterfaceOrientations = UIInterfaceOrientationPortrait;
				INFOPLIST_KEY_UISupportedInterfaceOrientations_iPad = "UIInterfaceOrientationLandscapeLeft UIInterfaceOrientationLandscapeRight UIInterfaceOrientationPortrait UIInterfaceOrientationPortraitUpsideDown";
				IPHONEOS_DEPLOYMENT_TARGET = 17.0;
				LD_RUNPATH_SEARCH_PATHS = (
					"$(inherited)",
					"@executable_path/Frameworks",
				);
				MARKETING_VERSION = "${SHARED_VERSION_NUMBER}";
				PRODUCT_BUNDLE_IDENTIFIER = com.tfourj.Nickel;
				PRODUCT_NAME = "$(TARGET_NAME)";
				SWIFT_EMIT_LOC_STRINGS = YES;
				SWIFT_VERSION = 5.0;
				TARGETED_DEVICE_FAMILY = "1,2";
			};
			name = Release;
		};
		FEFFCCF82D580350005463B5 /* Debug */ = {
			isa = XCBuildConfiguration;
			buildSettings = {
				CODE_SIGN_ENTITLEMENTS = "Nickel Share Extension/Nickel Share Extension.entitlements";
				CODE_SIGN_STYLE = Automatic;
				CURRENT_PROJECT_VERSION = 1;
				DEVELOPMENT_TEAM = 83KL373Z2M;
				GENERATE_INFOPLIST_FILE = YES;
				INFOPLIST_FILE = "Nickel Share Extension/Info.plist";
				INFOPLIST_KEY_CFBundleDisplayName = "Nickel Share Extension";
				INFOPLIST_KEY_NSHumanReadableCopyright = "";
				LD_RUNPATH_SEARCH_PATHS = (
					"$(inherited)",
					"@executable_path/Frameworks",
					"@executable_path/../../Frameworks",
				);
				MARKETING_VERSION = "${SHARED_VERSION_NUMBER}";
				PRODUCT_BUNDLE_IDENTIFIER = "com.tfourj.Nickel.Nickel-Share-Extension";
				PRODUCT_NAME = "$(TARGET_NAME)";
				SKIP_INSTALL = YES;
				SWIFT_EMIT_LOC_STRINGS = YES;
				SWIFT_VERSION = 5.0;
				TARGETED_DEVICE_FAMILY = "1,2";
			};
			name = Debug;
		};
		FEFFCCF92D580350005463B5 /* Release */ = {
			isa = XCBuildConfiguration;
			buildSettings = {
				CODE_SIGN_ENTITLEMENTS = "Nickel Share Extension/Nickel Share Extension.entitlements";
				CODE_SIGN_STYLE = Automatic;
				CURRENT_PROJECT_VERSION = 1;
				DEVELOPMENT_TEAM = 83KL373Z2M;
				GENERATE_INFOPLIST_FILE = YES;
				INFOPLIST_FILE = "Nickel Share Extension/Info.plist";
				INFOPLIST_KEY_CFBundleDisplayName = "Nickel Share Extension";
				INFOPLIST_KEY_NSHumanReadableCopyright = "";
				LD_RUNPATH_SEARCH_PATHS = (
					"$(inherited)",
					"@executable_path/Frameworks",
					"@executable_path/../../Frameworks",
				);
				MARKETING_VERSION = "${SHARED_VERSION_NUMBER}";
				PRODUCT_BUNDLE_IDENTIFIER = "com.tfourj.Nickel.Nickel-Share-Extension";
				PRODUCT_NAME = "$(TARGET_NAME)";
				SKIP_INSTALL = YES;
				SWIFT_EMIT_LOC_STRINGS = YES;
				SWIFT_VERSION = 5.0;
				TARGETED_DEVICE_FAMILY = "1,2";
			};
			name = Release;
		};
/* End XCBuildConfiguration section */

/* Begin XCConfigurationList section */
		FE654B212D53E9C500E89563 /* Build configuration list for PBXProject "Nickel" */ = {
			isa = XCConfigurationList;
			buildConfigurations = (
				FE654B482D53E9C700E89563 /* Debug */,
				FE654B492D53E9C700E89563 /* Release */,
			);
			defaultConfigurationIsVisible = 0;
			defaultConfigurationName = Release;
		};
		FE654B4A2D53E9C700E89563 /* Build configuration list for PBXNativeTarget "Nickel" */ = {
			isa = XCConfigurationList;
			buildConfigurations = (
				FE654B4B2D53E9C700E89563 /* Debug */,
				FE654B4C2D53E9C700E89563 /* Release */,
			);
			defaultConfigurationIsVisible = 0;
			defaultConfigurationName = Release;
		};
		FEFFCCFB2D580350005463B5 /* Build configuration list for PBXNativeTarget "Nickel Share Extension" */ = {
			isa = XCConfigurationList;
			buildConfigurations = (
				FEFFCCF82D580350005463B5 /* Debug */,
				FEFFCCF92D580350005463B5 /* Release */,
			);
			defaultConfigurationIsVisible = 0;
			defaultConfigurationName = Release;
		};
/* End XCConfigurationList section */
	};
	rootObject = FE654B1E2D53E9C500E89563 /* Project object */;
}
